<?xml version="1.0" encoding="UTF-8" standalone="yes" ?>
<CodeBlocks_project_file>
	<FileVersion major="1" minor="6" />
	<Project>
		<Option title="ACM" />
		<Option pch_mode="2" />
		<Option compiler="gcc" />
		<Build>
			<Target title="Debug">
				<Option output="bin/Debug/ACM" prefix_auto="1" extension_auto="1" />
				<Option object_output="obj/Debug/" />
				<Option type="1" />
				<Option compiler="gcc" />
				<Compiler>
					<Add option="-g" />
				</Compiler>
			</Target>
			<Target title="Release">
				<Option output="bin/Release/ACM" prefix_auto="1" extension_auto="1" />
				<Option object_output="obj/Release/" />
				<Option type="1" />
				<Option compiler="gcc" />
				<Compiler>
					<Add option="-O2" />
				</Compiler>
				<Linker>
					<Add option="-s" />
				</Linker>
			</Target>
		</Build>
		<Compiler>
			<Add option="-Wall" />
			<Add option="-fexceptions" />
		</Compiler>
		<Unit filename="Tools/Calculator.cpp" />
		<Unit filename="Tools/Calculator.h" />
		<Unit filename="Tools/FString.cpp" />
		<Unit filename="Tools/FString.h" />
		<Unit filename="Tools/Graph.cpp" />
		<Unit filename="Tools/Graph.h" />
		<Unit filename="Tools/Huge.cpp" />
		<Unit filename="Tools/Huge.h" />
		<Unit filename="Tools/MVector.h" />
		<Unit filename="Tools/Reader.cpp" />
		<Unit filename="Tools/Reader.h" />
		<Unit filename="Volume III/Task1209.cpp">
			<Option target="&lt;{~None~}&gt;" />
		</Unit>
		<Unit filename="Volume III/Task1214.cpp">
			<Option target="&lt;{~None~}&gt;" />
		</Unit>
		<Unit filename="Volume III/Task1224.cpp">
			<Option target="&lt;{~None~}&gt;" />
		</Unit>
		<Unit filename="Volume III/Task1225.cpp">
			<Option target="&lt;{~None~}&gt;" />
		</Unit>
		<Unit filename="Volume III/Task1228.cpp">
			<Option target="&lt;{~None~}&gt;" />
		</Unit>
		<Unit filename="Volume III/Task1236.cpp">
			<Option target="&lt;{~None~}&gt;" />
		</Unit>
		<Unit filename="Volume III/Task1243.cpp">
			<Option target="&lt;{~None~}&gt;" />
		</Unit>
		<Unit filename="Volume III/Task1262.cpp">
			<Option target="&lt;{~None~}&gt;" />
		</Unit>
		<Unit filename="Volume III/Task1263.cpp">
			<Option target="&lt;{~None~}&gt;" />
		</Unit>
		<Unit filename="Volume III/Task1264.cpp">
			<Option target="&lt;{~None~}&gt;" />
		</Unit>
		<Unit filename="Volume III/Task1292.cpp">
			<Option target="&lt;{~None~}&gt;" />
		</Unit>
		<Unit filename="Volume III/Task1293.cpp">
			<Option target="&lt;{~None~}&gt;" />
		</Unit>
		<Unit filename="Volume II/Task1104.cpp">
			<Option target="&lt;{~None~}&gt;" />
		</Unit>
		<Unit filename="Volume II/Task1110.cpp">
			<Option target="&lt;{~None~}&gt;" />
		</Unit>
		<Unit filename="Volume II/Task1118.cpp">
			<Option target="&lt;{~None~}&gt;" />
		</Unit>
		<Unit filename="Volume II/Task1120.cpp">
			<Option target="&lt;{~None~}&gt;" />
		</Unit>
		<Unit filename="Volume II/Task1131.cpp">
			<Option target="&lt;{~None~}&gt;" />
		</Unit>
		<Unit filename="Volume II/Task1136.cpp">
			<Option target="&lt;{~None~}&gt;" />
		</Unit>
		<Unit filename="Volume II/Task1142.cpp">
			<Option target="&lt;{~None~}&gt;" />
		</Unit>
		<Unit filename="Volume II/Task1149.cpp">
			<Option target="&lt;{~None~}&gt;" />
		</Unit>
		<Unit filename="Volume II/Task1157.cpp">
			<Option target="&lt;{~None~}&gt;" />
		</Unit>
		<Unit filename="Volume II/Task1164.cpp" />
		<Unit filename="Volume II/Task1167.cpp">
			<Option target="&lt;{~None~}&gt;" />
		</Unit>
		<Unit filename="Volume II/Task1191.cpp">
			<Option target="&lt;{~None~}&gt;" />
		</Unit>
		<Unit filename="Volume II/Task1192.cpp">
			<Option target="&lt;{~None~}&gt;" />
		</Unit>
		<Unit filename="Volume II/Task1194.cpp">
			<Option target="&lt;{~None~}&gt;" />
		</Unit>
		<Unit filename="Volume II/Task1197.cpp">
			<Option target="&lt;{~None~}&gt;" />
		</Unit>
		<Unit filename="Volume IV/Task1313.cpp">
			<Option target="&lt;{~None~}&gt;" />
		</Unit>
		<Unit filename="Volume IV/Task1319.cpp">
			<Option target="&lt;{~None~}&gt;" />
		</Unit>
		<Unit filename="Volume IV/Task1327.cpp">
			<Option target="&lt;{~None~}&gt;" />
		</Unit>
		<Unit filename="Volume IV/Task1336.cpp">
			<Option target="&lt;{~None~}&gt;" />
		</Unit>
		<Unit filename="Volume IV/Task1346.cpp">
			<Option target="&lt;{~None~}&gt;" />
		</Unit>
		<Unit filename="Volume IV/Task1349.cpp">
			<Option target="&lt;{~None~}&gt;" />
		</Unit>
		<Unit filename="Volume IV/Task1352.cpp">
			<Option target="&lt;{~None~}&gt;" />
		</Unit>
		<Unit filename="Volume IV/Task1353.cpp">
			<Option target="&lt;{~None~}&gt;" />
		</Unit>
		<Unit filename="Volume IV/Task1370.cpp">
			<Option target="&lt;{~None~}&gt;" />
		</Unit>
		<Unit filename="Volume IX/Task1800.cpp">
			<Option target="&lt;{~None~}&gt;" />
		</Unit>
		<Unit filename="Volume IX/Task1820.cpp">
			<Option target="&lt;{~None~}&gt;" />
		</Unit>
		<Unit filename="Volume IX/Task1864.cpp">
			<Option target="&lt;{~None~}&gt;" />
		</Unit>
		<Unit filename="Volume IX/Task1869.cpp">
			<Option target="&lt;{~None~}&gt;" />
		</Unit>
		<Unit filename="Volume IX/Task1873.cpp">
			<Option target="&lt;{~None~}&gt;" />
		</Unit>
		<Unit filename="Volume IX/Task1876.cpp">
			<Option target="&lt;{~None~}&gt;" />
		</Unit>
		<Unit filename="Volume IX/Task1877.cpp">
			<Option target="&lt;{~None~}&gt;" />
		</Unit>
		<Unit filename="Volume IX/Task1880.cpp">
			<Option target="&lt;{~None~}&gt;" />
		</Unit>
		<Unit filename="Volume IX/Task1881.cpp">
			<Option target="&lt;{~None~}&gt;" />
		</Unit>
		<Unit filename="Volume IX/Task1885.cpp">
			<Option target="&lt;{~None~}&gt;" />
		</Unit>
		<Unit filename="Volume IX/Task1893.cpp">
			<Option target="&lt;{~None~}&gt;" />
		</Unit>
		<Unit filename="Volume I/Task1000.cpp">
			<Option target="&lt;{~None~}&gt;" />
		</Unit>
		<Unit filename="Volume I/Task1001.cpp">
			<Option target="&lt;{~None~}&gt;" />
		</Unit>
		<Unit filename="Volume I/Task1005.cpp">
			<Option target="&lt;{~None~}&gt;" />
		</Unit>
		<Unit filename="Volume I/Task1009.cpp">
			<Option target="&lt;{~None~}&gt;" />
		</Unit>
		<Unit filename="Volume I/Task1010.cpp">
			<Option target="&lt;{~None~}&gt;" />
		</Unit>
		<Unit filename="Volume I/Task1011.cpp">
			<Option target="&lt;{~None~}&gt;" />
		</Unit>
		<Unit filename="Volume I/Task1012.cpp">
			<Option target="&lt;{~None~}&gt;" />
		</Unit>
		<Unit filename="Volume I/Task1017.cpp">
			<Option target="&lt;{~None~}&gt;" />
		</Unit>
		<Unit filename="Volume I/Task1020.cpp">
			<Option target="&lt;{~None~}&gt;" />
		</Unit>
		<Unit filename="Volume I/Task1023.cpp">
			<Option target="&lt;{~None~}&gt;" />
		</Unit>
		<Unit filename="Volume I/Task1026.cpp">
			<Option target="&lt;{~None~}&gt;" />
		</Unit>
		<Unit filename="Volume I/Task1028.cpp">
			<Option target="&lt;{~None~}&gt;" />
		</Unit>
		<Unit filename="Volume I/Task1031.cpp">
			<Option target="&lt;{~None~}&gt;" />
		</Unit>
		<Unit filename="Volume I/Task1032.cpp">
			<Option target="&lt;{~None~}&gt;" />
		</Unit>
		<Unit filename="Volume I/Task1044.cpp">
			<Option target="&lt;{~None~}&gt;" />
		</Unit>
		<Unit filename="Volume I/Task1045.cpp">
			<Option target="&lt;{~None~}&gt;" />
		</Unit>
		<Unit filename="Volume I/Task1047.cpp">
			<Option target="&lt;{~None~}&gt;" />
		</Unit>
		<Unit filename="Volume I/Task1048.cpp">
			<Option target="&lt;{~None~}&gt;" />
		</Unit>
		<Unit filename="Volume I/Task1049.cpp">
			<Option target="&lt;{~None~}&gt;" />
		</Unit>
		<Unit filename="Volume I/Task1051.cpp">
			<Option target="&lt;{~None~}&gt;" />
		</Unit>
		<Unit filename="Volume I/Task1054.cpp">
			<Option target="&lt;{~None~}&gt;" />
		</Unit>
		<Unit filename="Volume I/Task1059.cpp">
			<Option target="&lt;{~None~}&gt;" />
		</Unit>
		<Unit filename="Volume I/Task1068.cpp">
			<Option target="&lt;{~None~}&gt;" />
		</Unit>
		<Unit filename="Volume I/Task1070.cpp">
			<Option target="&lt;{~None~}&gt;" />
		</Unit>
		<Unit filename="Volume I/Task1073.cpp">
			<Option target="&lt;{~None~}&gt;" />
		</Unit>
		<Unit filename="Volume I/Task1079.cpp">
			<Option target="&lt;{~None~}&gt;" />
		</Unit>
		<Unit filename="Volume I/Task1082.cpp">
			<Option target="&lt;{~None~}&gt;" />
		</Unit>
		<Unit filename="Volume I/Task1083.cpp">
			<Option target="&lt;{~None~}&gt;" />
		</Unit>
		<Unit filename="Volume I/Task1084.cpp">
			<Option target="&lt;{~None~}&gt;" />
		</Unit>
		<Unit filename="Volume I/Task1087.cpp">
			<Option target="&lt;{~None~}&gt;" />
		</Unit>
		<Unit filename="Volume I/Task1088.cpp">
			<Option target="&lt;{~None~}&gt;" />
		</Unit>
		<Unit filename="Volume I/Task1098.cpp">
			<Option target="&lt;{~None~}&gt;" />
		</Unit>
		<Unit filename="Volume VIII/Task1712.cpp">
			<Option target="&lt;{~None~}&gt;" />
		</Unit>
		<Unit filename="Volume VIII/Task1723.cpp">
			<Option target="&lt;{~None~}&gt;" />
		</Unit>
		<Unit filename="Volume VIII/Task1725.cpp">
			<Option target="&lt;{~None~}&gt;" />
		</Unit>
		<Unit filename="Volume VIII/Task1727.cpp">
			<Option target="&lt;{~None~}&gt;" />
		</Unit>
		<Unit filename="Volume VIII/Task1731.cpp">
			<Option target="&lt;{~None~}&gt;" />
		</Unit>
		<Unit filename="Volume VIII/Task1740.cpp">
			<Option target="&lt;{~None~}&gt;" />
		</Unit>
		<Unit filename="Volume VIII/Task1753.cpp">
			<Option target="&lt;{~None~}&gt;" />
		</Unit>
		<Unit filename="Volume VIII/Task1756.cpp">
			<Option target="&lt;{~None~}&gt;" />
		</Unit>
		<Unit filename="Volume VIII/Task1785.cpp">
			<Option target="&lt;{~None~}&gt;" />
		</Unit>
		<Unit filename="Volume VIII/Task1786.cpp">
			<Option target="&lt;{~None~}&gt;" />
		</Unit>
		<Unit filename="Volume VIII/Task1787.cpp">
			<Option target="&lt;{~None~}&gt;" />
		</Unit>
		<Unit filename="Volume VIII/Task1789.cpp">
			<Option target="&lt;{~None~}&gt;" />
		</Unit>
		<Unit filename="Volume VIII/Task1792.cpp">
			<Option target="&lt;{~None~}&gt;" />
		</Unit>
		<Unit filename="Volume VIII/Task1796.cpp">
			<Option target="&lt;{~None~}&gt;" />
		</Unit>
		<Unit filename="Volume VII/Task1607.cpp">
			<Option target="&lt;{~None~}&gt;" />
		</Unit>
		<Unit filename="Volume VII/Task1617.cpp">
			<Option target="&lt;{~None~}&gt;" />
		</Unit>
		<Unit filename="Volume VII/Task1636.cpp">
			<Option target="&lt;{~None~}&gt;" />
		</Unit>
		<Unit filename="Volume VII/Task1638.cpp">
			<Option target="&lt;{~None~}&gt;" />
		</Unit>
		<Unit filename="Volume VII/Task1639.cpp">
			<Option target="&lt;{~None~}&gt;" />
		</Unit>
		<Unit filename="Volume VII/Task1642.cpp">
			<Option target="&lt;{~None~}&gt;" />
		</Unit>
		<Unit filename="Volume VII/Task1644.cpp">
			<Option target="&lt;{~None~}&gt;" />
		</Unit>
		<Unit filename="Volume VII/Task1645.cpp">
			<Option target="&lt;{~None~}&gt;" />
		</Unit>
		<Unit filename="Volume VII/Task1654.cpp">
			<Option target="&lt;{~None~}&gt;" />
		</Unit>
		<Unit filename="Volume VII/Task1683.cpp">
			<Option target="&lt;{~None~}&gt;" />
		</Unit>
		<Unit filename="Volume VII/Task1688.cpp">
			<Option target="&lt;{~None~}&gt;" />
		</Unit>
		<Unit filename="Volume VI/Task1502.cpp">
			<Option target="&lt;{~None~}&gt;" />
		</Unit>
		<Unit filename="Volume VI/Task1506.cpp">
			<Option target="&lt;{~None~}&gt;" />
		</Unit>
		<Unit filename="Volume VI/Task1545.cpp">
			<Option target="&lt;{~None~}&gt;" />
		</Unit>
		<Unit filename="Volume VI/Task1562.cpp">
			<Option target="&lt;{~None~}&gt;" />
		</Unit>
		<Unit filename="Volume VI/Task1563.cpp">
			<Option target="&lt;{~None~}&gt;" />
		</Unit>
		<Unit filename="Volume VI/Task1567.cpp">
			<Option target="&lt;{~None~}&gt;" />
		</Unit>
		<Unit filename="Volume VI/Task1573.cpp">
			<Option target="&lt;{~None~}&gt;" />
		</Unit>
		<Unit filename="Volume VI/Task1576.cpp">
			<Option target="&lt;{~None~}&gt;" />
		</Unit>
		<Unit filename="Volume VI/Task1581.cpp">
			<Option target="&lt;{~None~}&gt;" />
		</Unit>
		<Unit filename="Volume VI/Task1582.cpp">
			<Option target="&lt;{~None~}&gt;" />
		</Unit>
		<Unit filename="Volume VI/Task1585.cpp">
			<Option target="&lt;{~None~}&gt;" />
		</Unit>
		<Unit filename="Volume V/Task1404.cpp">
			<Option target="&lt;{~None~}&gt;" />
		</Unit>
		<Unit filename="Volume V/Task1409.cpp">
			<Option target="&lt;{~None~}&gt;" />
		</Unit>
		<Unit filename="Volume V/Task1457.cpp">
			<Option target="&lt;{~None~}&gt;" />
		</Unit>
		<Unit filename="Volume V/Task1490.cpp">
			<Option target="&lt;{~None~}&gt;" />
		</Unit>
		<Unit filename="Volume V/Task1493.cpp">
			<Option target="&lt;{~None~}&gt;" />
		</Unit>
		<Unit filename="Volume V/Task1496.cpp">
			<Option target="&lt;{~None~}&gt;" />
		</Unit>
		<Unit filename="Volume XI/Task2001.cpp">
			<Option target="&lt;{~None~}&gt;" />
		</Unit>
		<Unit filename="Volume XI/Task2012.cpp">
			<Option target="&lt;{~None~}&gt;" />
		</Unit>
		<Unit filename="Volume XI/Task2023.cpp">
			<Option target="&lt;{~None~}&gt;" />
		</Unit>
		<Unit filename="Volume X/Task1902.cpp">
			<Option target="&lt;{~None~}&gt;" />
		</Unit>
		<Unit filename="Volume X/Task1910.cpp">
			<Option target="&lt;{~None~}&gt;" />
		</Unit>
		<Unit filename="Volume X/Task1924.cpp">
			<Option target="&lt;{~None~}&gt;" />
		</Unit>
		<Unit filename="Volume X/Task1925.cpp">
			<Option target="&lt;{~None~}&gt;" />
		</Unit>
		<Unit filename="Volume X/Task1991.cpp">
			<Option target="&lt;{~None~}&gt;" />
		</Unit>
		<Extensions>
			<code_completion />
			<envvars />
			<debugger />
		</Extensions>
	</Project>
</CodeBlocks_project_file>
