<?xml version="1.0" encoding="UTF-8" standalone="yes" ?>
<CodeBlocks_project_file>
	<FileVersion major="1" minor="6" />
	<Project>
		<Option title="ACM" />
		<Option pch_mode="2" />
		<Option compiler="gcc" />
		<Build>
			<Target title="Debug">
				<Option output="bin/Debug/ACM" prefix_auto="1" extension_auto="1" />
				<Option object_output="obj/Debug/" />
				<Option type="1" />
				<Option compiler="gcc" />
				<Compiler>
					<Add option="-g" />
				</Compiler>
			</Target>
			<Target title="Release">
				<Option output="bin/Release/ACM" prefix_auto="1" extension_auto="1" />
				<Option object_output="obj/Release/" />
				<Option type="1" />
				<Option compiler="gcc" />
				<Compiler>
					<Add option="-O2" />
				</Compiler>
				<Linker>
					<Add option="-s" />
				</Linker>
			</Target>
		</Build>
		<Compiler>
			<Add option="-Wall" />
			<Add option="-fexceptions" />
		</Compiler>
		<Unit filename="Tools/Array.cpp" />
		<Unit filename="Tools/Array.h" />
		<Unit filename="Tools/FString.cpp" />
		<Unit filename="Tools/FString.h" />
		<Unit filename="Tools/Reader.cpp" />
		<Unit filename="Tools/Reader.h" />
		<Unit filename="Volume III/Task1214.cpp">
			<Option target="&lt;{~None~}&gt;" />
		</Unit>
		<Unit filename="Volume III/Task1224.cpp">
			<Option target="&lt;{~None~}&gt;" />
		</Unit>
		<Unit filename="Volume III/Task1264.cpp">
			<Option target="&lt;{~None~}&gt;" />
		</Unit>
		<Unit filename="Volume III/Task1293.cpp">
			<Option target="&lt;{~None~}&gt;" />
		</Unit>
		<Unit filename="Volume II/Task1194.cpp">
			<Option target="&lt;{~None~}&gt;" />
		</Unit>
		<Unit filename="Volume IV/Task1327.cpp">
			<Option target="&lt;{~None~}&gt;" />
		</Unit>
		<Unit filename="Volume IV/Task1336.cpp">
			<Option target="&lt;{~None~}&gt;" />
		</Unit>
		<Unit filename="Volume IV/Task1349.cpp">
			<Option target="&lt;{~None~}&gt;" />
		</Unit>
		<Unit filename="Volume IV/Task1370.cpp">
			<Option target="&lt;{~None~}&gt;" />
		</Unit>
		<Unit filename="Volume IX/Task1820.cpp">
			<Option target="&lt;{~None~}&gt;" />
		</Unit>
		<Unit filename="Volume IX/Task1873.cpp">
			<Option target="&lt;{~None~}&gt;" />
		</Unit>
		<Unit filename="Volume IX/Task1876.cpp">
			<Option target="&lt;{~None~}&gt;" />
		</Unit>
		<Unit filename="Volume I/Task1000.cpp">
			<Option target="&lt;{~None~}&gt;" />
		</Unit>
		<Unit filename="Volume I/Task1001.cpp">
			<Option target="&lt;{~None~}&gt;" />
		</Unit>
		<Unit filename="Volume I/Task1023.cpp">
			<Option target="&lt;{~None~}&gt;" />
		</Unit>
		<Unit filename="Volume I/Task1026.cpp">
			<Option target="&lt;{~None~}&gt;" />
		</Unit>
		<Unit filename="Volume I/Task1048.cpp">
			<Option target="&lt;{~None~}&gt;" />
		</Unit>
		<Unit filename="Volume I/Task1051.cpp">
			<Option target="&lt;{~None~}&gt;" />
		</Unit>
		<Unit filename="Volume I/Task1059.cpp">
			<Option target="&lt;{~None~}&gt;" />
		</Unit>
		<Unit filename="Volume I/Task1068.cpp">
			<Option target="&lt;{~None~}&gt;" />
		</Unit>
		<Unit filename="Volume I/Task1082.cpp">
			<Option target="&lt;{~None~}&gt;" />
		</Unit>
		<Unit filename="Volume VIII/Task1725.cpp">
			<Option target="&lt;{~None~}&gt;" />
		</Unit>
		<Unit filename="Volume VIII/Task1787.cpp" />
		<Unit filename="Volume VIII/Task1789.cpp">
			<Option target="&lt;{~None~}&gt;" />
		</Unit>
		<Unit filename="Volume VII/Task1607.cpp">
			<Option target="&lt;{~None~}&gt;" />
		</Unit>
		<Unit filename="Volume VII/Task1638.cpp">
			<Option target="&lt;{~None~}&gt;" />
		</Unit>
		<Unit filename="Volume VII/Task1639.cpp">
			<Option target="&lt;{~None~}&gt;" />
		</Unit>
		<Unit filename="Volume VI/Task1502.cpp">
			<Option target="&lt;{~None~}&gt;" />
		</Unit>
		<Unit filename="Volume V/Task1409.cpp">
			<Option target="&lt;{~None~}&gt;" />
		</Unit>
		<Unit filename="Volume XI/Task2001.cpp">
			<Option target="&lt;{~None~}&gt;" />
		</Unit>
		<Unit filename="Volume X/Task1924.cpp">
			<Option target="&lt;{~None~}&gt;" />
		</Unit>
		<Unit filename="Volume X/Task1925.cpp">
			<Option target="&lt;{~None~}&gt;" />
		</Unit>
		<Extensions>
			<code_completion />
			<envvars />
			<debugger />
		</Extensions>
	</Project>
</CodeBlocks_project_file>
